
Microsoft Visual Studio Solution File, Format Version 12.00
Project("{FAE04EC0-301F-11D3-BF4B-00C04F79EFBC}") = "AuctionService", "src\AuctionService\AuctionService.csproj", "{B528C6AC-5C4B-4EFB-ADB4-7E6F7B1D50BB}"
EndProject
Project("{FAE04EC0-301F-11D3-BF4B-00C04F79EFBC}") = "SearchService", "src\SearchService\SearchService.csproj", "{FB8C6E4E-3F0F-4CDC-BAD7-708E5A1AD11D}"
EndProject
Project("{FAE04EC0-301F-11D3-BF4B-00C04F79EFBC}") = "Contracts", "src\Contracts\Contracts.csproj", "{B182F828-F748-42AA-A187-B4F22967F3AF}"
EndProject
Project("{FAE04EC0-301F-11D3-BF4B-00C04F79EFBC}") = "IdentityService", "src\IdentityService\IdentityService.csproj", "{69127422-EA90-456A-B8D4-5380644C02D8}"
EndProject
Project("{FAE04EC0-301F-11D3-BF4B-00C04F79EFBC}") = "GatewayService", "src\GatewayService\GatewayService.csproj", "{9CCCF638-2083-442D-8EC1-F8EE91AC8F40}"
EndProject
Project("{FAE04EC0-301F-11D3-BF4B-00C04F79EFBC}") = "BiddingService", "src\BiddingService\BiddingService.csproj", "{92B07D3D-105D-47AE-BAD5-7B3A16CD464E}"
EndProject
Global
	GlobalSection(SolutionConfigurationPlatforms) = preSolution
		Debug|Any CPU = Debug|Any CPU
		Release|Any CPU = Release|Any CPU
	EndGlobalSection
	GlobalSection(ProjectConfigurationPlatforms) = postSolution
		{B528C6AC-5C4B-4EFB-ADB4-7E6F7B1D50BB}.Debug|Any CPU.ActiveCfg = Debug|Any CPU
		{B528C6AC-5C4B-4EFB-ADB4-7E6F7B1D50BB}.Debug|Any CPU.Build.0 = Debug|Any CPU
		{B528C6AC-5C4B-4EFB-ADB4-7E6F7B1D50BB}.Release|Any CPU.ActiveCfg = Release|Any CPU
		{B528C6AC-5C4B-4EFB-ADB4-7E6F7B1D50BB}.Release|Any CPU.Build.0 = Release|Any CPU
		{FB8C6E4E-3F0F-4CDC-BAD7-708E5A1AD11D}.Debug|Any CPU.ActiveCfg = Debug|Any CPU
		{FB8C6E4E-3F0F-4CDC-BAD7-708E5A1AD11D}.Debug|Any CPU.Build.0 = Debug|Any CPU
		{FB8C6E4E-3F0F-4CDC-BAD7-708E5A1AD11D}.Release|Any CPU.ActiveCfg = Release|Any CPU
		{FB8C6E4E-3F0F-4CDC-BAD7-708E5A1AD11D}.Release|Any CPU.Build.0 = Release|Any CPU
		{B182F828-F748-42AA-A187-B4F22967F3AF}.Debug|Any CPU.ActiveCfg = Debug|Any CPU
		{B182F828-F748-42AA-A187-B4F22967F3AF}.Debug|Any CPU.Build.0 = Debug|Any CPU
		{B182F828-F748-42AA-A187-B4F22967F3AF}.Release|Any CPU.ActiveCfg = Release|Any CPU
		{B182F828-F748-42AA-A187-B4F22967F3AF}.Release|Any CPU.Build.0 = Release|Any CPU
		{69127422-EA90-456A-B8D4-5380644C02D8}.Debug|Any CPU.ActiveCfg = Debug|Any CPU
		{69127422-EA90-456A-B8D4-5380644C02D8}.Debug|Any CPU.Build.0 = Debug|Any CPU
		{69127422-EA90-456A-B8D4-5380644C02D8}.Release|Any CPU.ActiveCfg = Release|Any CPU
		{69127422-EA90-456A-B8D4-5380644C02D8}.Release|Any CPU.Build.0 = Release|Any CPU
		{9CCCF638-2083-442D-8EC1-F8EE91AC8F40}.Debug|Any CPU.ActiveCfg = Debug|Any CPU
		{9CCCF638-2083-442D-8EC1-F8EE91AC8F40}.Debug|Any CPU.Build.0 = Debug|Any CPU
		{9CCCF638-2083-442D-8EC1-F8EE91AC8F40}.Release|Any CPU.ActiveCfg = Release|Any CPU
		{9CCCF638-2083-442D-8EC1-F8EE91AC8F40}.Release|Any CPU.Build.0 = Release|Any CPU
		{92B07D3D-105D-47AE-BAD5-7B3A16CD464E}.Debug|Any CPU.ActiveCfg = Debug|Any CPU
		{92B07D3D-105D-47AE-BAD5-7B3A16CD464E}.Debug|Any CPU.Build.0 = Debug|Any CPU
		{92B07D3D-105D-47AE-BAD5-7B3A16CD464E}.Release|Any CPU.ActiveCfg = Release|Any CPU
		{92B07D3D-105D-47AE-BAD5-7B3A16CD464E}.Release|Any CPU.Build.0 = Release|Any CPU
	EndGlobalSection
EndGlobal
